
Microsoft Visual Studio Solution File, Format Version 12.00
# Visual Studio Version 17
VisualStudioVersion = 17.9.34607.119
MinimumVisualStudioVersion = 10.0.40219.1
Project("{FAE04EC0-301F-11D3-BF4B-00C04F79EFBC}") = "VerifyDetailsApp", "VerifyDetailsApp\VerifyDetailsApp.csproj", "{D911F27B-4083-4E31-A635-9886DD3F8B90}"
EndProject
Global
	GlobalSection(SolutionConfigurationPlatforms) = preSolution
		Debug|Any CPU = Debug|Any CPU
		Release|Any CPU = Release|Any CPU
	EndGlobalSection
	GlobalSection(ProjectConfigurationPlatforms) = postSolution
		{D911F27B-4083-4E31-A635-9886DD3F8B90}.Debug|Any CPU.ActiveCfg = Debug|Any CPU
		{D911F27B-4083-4E31-A635-9886DD3F8B90}.Debug|Any CPU.Build.0 = Debug|Any CPU
		{D911F27B-4083-4E31-A635-9886DD3F8B90}.Release|Any CPU.ActiveCfg = Release|Any CPU
		{D911F27B-4083-4E31-A635-9886DD3F8B90}.Release|Any CPU.Build.0 = Release|Any CPU
	EndGlobalSection
	GlobalSection(SolutionProperties) = preSolution
		HideSolutionNode = FALSE
	EndGlobalSection
	GlobalSection(ExtensibilityGlobals) = postSolution
		SolutionGuid = {1BC3EE2C-DDB8-4B28-AB1F-AAE5AD56C9DA}
	EndGlobalSection
EndGlobal
